{
  "version": 4,
  "terraform_version": "1.9.7",
  "serial": 13,
  "lineage": "f8b4da90-cb69-92c6-11ab-53b74c0ee67d",
  "outputs": {
    "bucket_name": {
      "value": "crypto-data-bucket",
      "type": "string"
    }
  },
  "resources": [
    {
      "mode": "managed",
      "type": "google_bigquery_dataset",
      "name": "cryptocurrency_insights",
      "provider": "provider[\"registry.terraform.io/hashicorp/google\"]",
      "instances": [
        {
          "schema_version": 0,
          "attributes": {
            "access": [
              {
                "dataset": [],
                "domain": "",
                "group_by_email": "",
                "role": "OWNER",
                "routine": [],
                "special_group": "",
                "user_by_email": "cryptomarketdata@cryptomarketdashboard.iam.gserviceaccount.com",
                "view": []
              },
              {
                "dataset": [],
                "domain": "",
                "group_by_email": "",
                "role": "OWNER",
                "routine": [],
                "special_group": "projectOwners",
                "user_by_email": "",
                "view": []
              },
              {
                "dataset": [],
                "domain": "",
                "group_by_email": "",
                "role": "READER",
                "routine": [],
                "special_group": "projectReaders",
                "user_by_email": "",
                "view": []
              },
              {
                "dataset": [],
                "domain": "",
                "group_by_email": "",
                "role": "WRITER",
                "routine": [],
                "special_group": "projectWriters",
                "user_by_email": "",
                "view": []
              }
            ],
            "creation_time": 1729159896847,
            "dataset_id": "cryptocurrency_insights",
            "default_encryption_configuration": [],
            "default_partition_expiration_ms": 0,
            "default_table_expiration_ms": 0,
            "delete_contents_on_destroy": false,
            "description": "",
            "etag": "Vzh2OQY/7J6ExpruhlQtZw==",
            "friendly_name": "",
            "id": "projects/cryptomarketdashboard/datasets/cryptocurrency_insights",
            "labels": {},
            "last_modified_time": 1729159896847,
            "location": "US",
            "max_time_travel_hours": "168",
            "project": "cryptomarketdashboard",
            "self_link": "https://bigquery.googleapis.com/bigquery/v2/projects/cryptomarketdashboard/datasets/cryptocurrency_insights",
            "timeouts": null
          },
          "sensitive_attributes": [],
          "private": "eyJlMmJmYjczMC1lY2FhLTExZTYtOGY4OC0zNDM2M2JjN2M0YzAiOnsiY3JlYXRlIjoxMjAwMDAwMDAwMDAwLCJkZWxldGUiOjEyMDAwMDAwMDAwMDAsInVwZGF0ZSI6MTIwMDAwMDAwMDAwMH19"
        }
      ]
    }
  ],
  "check_results": null
}
